
Microsoft Visual Studio Solution File, Format Version 12.00
# Visual Studio Version 16
VisualStudioVersion = 16.0.31624.102
MinimumVisualStudioVersion = 10.0.40219.1
Project("{FAE04EC0-301F-11D3-BF4B-00C04F79EFBC}") = "Massive", "Massive.csproj", "{A94BF6B9-DDA8-437F-A4D1-266B3CBED87D}"
EndProject
Global
	GlobalSection(SolutionConfigurationPlatforms) = preSolution
		Debug|Any CPU = Debug|Any CPU
		Release|Any CPU = Release|Any CPU
	EndGlobalSection
	GlobalSection(ProjectConfigurationPlatforms) = postSolution
		{A94BF6B9-DDA8-437F-A4D1-266B3CBED87D}.Debug|Any CPU.ActiveCfg = Debug|Any CPU
		{A94BF6B9-DDA8-437F-A4D1-266B3CBED87D}.Debug|Any CPU.Build.0 = Debug|Any CPU
		{A94BF6B9-DDA8-437F-A4D1-266B3CBED87D}.Release|Any CPU.ActiveCfg = Release|Any CPU
		{A94BF6B9-DDA8-437F-A4D1-266B3CBED87D}.Release|Any CPU.Build.0 = Release|Any CPU
	EndGlobalSection
	GlobalSection(SolutionProperties) = preSolution
		HideSolutionNode = FALSE
	EndGlobalSection
	GlobalSection(ExtensibilityGlobals) = postSolution
		SolutionGuid = {69CDF818-EB6A-46CB-8F40-BC2E5B4C46FD}
	EndGlobalSection
EndGlobal
